{
  "name": "webapp",
  "version": "0.0.3",
  "lockfileVersion": 2,
  "requires": true,
  "packages": {
    "": {
      "name": "webapp",
      "version": "0.0.3",
      "dependencies": {
        "file-saver": "^2.0.5",
        "firebase": "^10.11.1",
        "uplot": "^1.6.30"
      },
      "devDependencies": {
        "@types/bun": "latest",
        "@types/file-saver": "^2.0.7"
      },
      "peerDependencies": {
        "typescript": "^5.0.0"
      }
    },
    "node_modules/@fastify/busboy": {
      "version": "2.1.1",
      "license": "MIT",
      "engines": {
        "node": ">=14"
      }
    },
    "node_modules/@firebase/analytics": {
      "version": "0.10.2",
      "license": "Apache-2.0",
      "dependencies": {
        "@firebase/component": "0.6.6",
        "@firebase/installations": "0.6.6",
        "@firebase/logger": "0.4.1",
        "@firebase/util": "1.9.5",
        "tslib": "^2.1.0"
      },
      "peerDependencies": {
        "@firebase/app": "0.x"
      }
    },
    "node_modules/@firebase/analytics-compat": {
      "version": "0.2.8",
      "license": "Apache-2.0",
      "dependencies": {
        "@firebase/analytics": "0.10.2",
        "@firebase/analytics-types": "0.8.1",
        "@firebase/component": "0.6.6",
        "@firebase/util": "1.9.5",
        "tslib": "^2.1.0"
      },
      "peerDependencies": {
        "@firebase/app-compat": "0.x"
      }
    },
    "node_modules/@firebase/analytics-types": {
      "version": "0.8.1",
      "license": "Apache-2.0"
    },
    "node_modules/@firebase/app": {
      "version": "0.10.2",
      "license": "Apache-2.0",
      "dependencies": {
        "@firebase/component": "0.6.6",
        "@firebase/logger": "0.4.1",
        "@firebase/util": "1.9.5",
        "idb": "7.1.1",
        "tslib": "^2.1.0"
      }
    },
    "node_modules/@firebase/app-check": {
      "version": "0.8.3",
      "license": "Apache-2.0",
      "dependencies": {
        "@firebase/component": "0.6.6",
        "@firebase/logger": "0.4.1",
        "@firebase/util": "1.9.5",
        "tslib": "^2.1.0"
      },
      "peerDependencies": {
        "@firebase/app": "0.x"
      }
    },
    "node_modules/@firebase/app-check-compat": {
      "version": "0.3.10",
      "license": "Apache-2.0",
      "dependencies": {
        "@firebase/app-check": "0.8.3",
        "@firebase/app-check-types": "0.5.1",
        "@firebase/component": "0.6.6",
        "@firebase/logger": "0.4.1",
        "@firebase/util": "1.9.5",
        "tslib": "^2.1.0"
      },
      "peerDependencies": {
        "@firebase/app-compat": "0.x"
      }
    },
    "node_modules/@firebase/app-check-interop-types": {
      "version": "0.3.1",
      "license": "Apache-2.0"
    },
    "node_modules/@firebase/app-check-types": {
      "version": "0.5.1",
      "license": "Apache-2.0"
    },
    "node_modules/@firebase/app-compat": {
      "version": "0.2.32",
      "license": "Apache-2.0",
      "dependencies": {
        "@firebase/app": "0.10.2",
        "@firebase/component": "0.6.6",
        "@firebase/logger": "0.4.1",
        "@firebase/util": "1.9.5",
        "tslib": "^2.1.0"
      }
    },
    "node_modules/@firebase/app-types": {
      "version": "0.9.1",
      "license": "Apache-2.0"
    },
    "node_modules/@firebase/auth": {
      "version": "1.7.2",
      "license": "Apache-2.0",
      "dependencies": {
        "@firebase/component": "0.6.6",
        "@firebase/logger": "0.4.1",
        "@firebase/util": "1.9.5",
        "tslib": "^2.1.0",
        "undici": "5.28.4"
      },
      "peerDependencies": {
        "@firebase/app": "0.x",
        "@react-native-async-storage/async-storage": "^1.18.1"
      },
      "peerDependenciesMeta": {
        "@react-native-async-storage/async-storage": {
          "optional": true
        }
      }
    },
    "node_modules/@firebase/auth-compat": {
      "version": "0.5.7",
      "license": "Apache-2.0",
      "dependencies": {
        "@firebase/auth": "1.7.2",
        "@firebase/auth-types": "0.12.1",
        "@firebase/component": "0.6.6",
        "@firebase/util": "1.9.5",
        "tslib": "^2.1.0",
        "undici": "5.28.4"
      },
      "peerDependencies": {
        "@firebase/app-compat": "0.x"
      }
    },
    "node_modules/@firebase/auth-interop-types": {
      "version": "0.2.2",
      "license": "Apache-2.0"
    },
    "node_modules/@firebase/auth-types": {
      "version": "0.12.1",
      "license": "Apache-2.0",
      "peerDependencies": {
        "@firebase/app-types": "0.x",
        "@firebase/util": "1.x"
      }
    },
    "node_modules/@firebase/component": {
      "version": "0.6.6",
      "license": "Apache-2.0",
      "dependencies": {
        "@firebase/util": "1.9.5",
        "tslib": "^2.1.0"
      }
    },
    "node_modules/@firebase/database": {
      "version": "1.0.4",
      "license": "Apache-2.0",
      "dependencies": {
        "@firebase/app-check-interop-types": "0.3.1",
        "@firebase/auth-interop-types": "0.2.2",
        "@firebase/component": "0.6.6",
        "@firebase/logger": "0.4.1",
        "@firebase/util": "1.9.5",
        "faye-websocket": "0.11.4",
        "tslib": "^2.1.0"
      }
    },
    "node_modules/@firebase/database-compat": {
      "version": "1.0.4",
      "license": "Apache-2.0",
      "dependencies": {
        "@firebase/component": "0.6.6",
        "@firebase/database": "1.0.4",
        "@firebase/database-types": "1.0.2",
        "@firebase/logger": "0.4.1",
        "@firebase/util": "1.9.5",
        "tslib": "^2.1.0"
      }
    },
    "node_modules/@firebase/database-types": {
      "version": "1.0.2",
      "license": "Apache-2.0",
      "dependencies": {
        "@firebase/app-types": "0.9.1",
        "@firebase/util": "1.9.5"
      }
    },
    "node_modules/@firebase/firestore": {
      "version": "4.6.1",
      "license": "Apache-2.0",
      "dependencies": {
        "@firebase/component": "0.6.6",
        "@firebase/logger": "0.4.1",
        "@firebase/util": "1.9.5",
        "@firebase/webchannel-wrapper": "0.10.6",
        "@grpc/grpc-js": "~1.9.0",
        "@grpc/proto-loader": "^0.7.8",
        "tslib": "^2.1.0",
        "undici": "5.28.4"
      },
      "engines": {
        "node": ">=10.10.0"
      },
      "peerDependencies": {
        "@firebase/app": "0.x"
      }
    },
    "node_modules/@firebase/firestore-compat": {
      "version": "0.3.30",
      "license": "Apache-2.0",
      "dependencies": {
        "@firebase/component": "0.6.6",
        "@firebase/firestore": "4.6.1",
        "@firebase/firestore-types": "3.0.1",
        "@firebase/util": "1.9.5",
        "tslib": "^2.1.0"
      },
      "peerDependencies": {
        "@firebase/app-compat": "0.x"
      }
    },
    "node_modules/@firebase/firestore-types": {
      "version": "3.0.1",
      "license": "Apache-2.0",
      "peerDependencies": {
        "@firebase/app-types": "0.x",
        "@firebase/util": "1.x"
      }
    },
    "node_modules/@firebase/functions": {
      "version": "0.11.4",
      "license": "Apache-2.0",
      "dependencies": {
        "@firebase/app-check-interop-types": "0.3.1",
        "@firebase/auth-interop-types": "0.2.2",
        "@firebase/component": "0.6.6",
        "@firebase/messaging-interop-types": "0.2.1",
        "@firebase/util": "1.9.5",
        "tslib": "^2.1.0",
        "undici": "5.28.4"
      },
      "peerDependencies": {
        "@firebase/app": "0.x"
      }
    },
    "node_modules/@firebase/functions-compat": {
      "version": "0.3.10",
      "license": "Apache-2.0",
      "dependencies": {
        "@firebase/component": "0.6.6",
        "@firebase/functions": "0.11.4",
        "@firebase/functions-types": "0.6.1",
        "@firebase/util": "1.9.5",
        "tslib": "^2.1.0"
      },
      "peerDependencies": {
        "@firebase/app-compat": "0.x"
      }
    },
    "node_modules/@firebase/functions-types": {
      "version": "0.6.1",
      "license": "Apache-2.0"
    },
    "node_modules/@firebase/installations": {
      "version": "0.6.6",
      "license": "Apache-2.0",
      "dependencies": {
        "@firebase/component": "0.6.6",
        "@firebase/util": "1.9.5",
        "idb": "7.1.1",
        "tslib": "^2.1.0"
      },
      "peerDependencies": {
        "@firebase/app": "0.x"
      }
    },
    "node_modules/@firebase/installations-compat": {
      "version": "0.2.6",
      "license": "Apache-2.0",
      "dependencies": {
        "@firebase/component": "0.6.6",
        "@firebase/installations": "0.6.6",
        "@firebase/installations-types": "0.5.1",
        "@firebase/util": "1.9.5",
        "tslib": "^2.1.0"
      },
      "peerDependencies": {
        "@firebase/app-compat": "0.x"
      }
    },
    "node_modules/@firebase/installations-types": {
      "version": "0.5.1",
      "license": "Apache-2.0",
      "peerDependencies": {
        "@firebase/app-types": "0.x"
      }
    },
    "node_modules/@firebase/logger": {
      "version": "0.4.1",
      "license": "Apache-2.0",
      "dependencies": {
        "tslib": "^2.1.0"
      }
    },
    "node_modules/@firebase/messaging": {
      "version": "0.12.8",
      "license": "Apache-2.0",
      "dependencies": {
        "@firebase/component": "0.6.6",
        "@firebase/installations": "0.6.6",
        "@firebase/messaging-interop-types": "0.2.1",
        "@firebase/util": "1.9.5",
        "idb": "7.1.1",
        "tslib": "^2.1.0"
      },
      "peerDependencies": {
        "@firebase/app": "0.x"
      }
    },
    "node_modules/@firebase/messaging-compat": {
      "version": "0.2.8",
      "license": "Apache-2.0",
      "dependencies": {
        "@firebase/component": "0.6.6",
        "@firebase/messaging": "0.12.8",
        "@firebase/util": "1.9.5",
        "tslib": "^2.1.0"
      },
      "peerDependencies": {
        "@firebase/app-compat": "0.x"
      }
    },
    "node_modules/@firebase/messaging-interop-types": {
      "version": "0.2.1",
      "license": "Apache-2.0"
    },
    "node_modules/@firebase/performance": {
      "version": "0.6.6",
      "license": "Apache-2.0",
      "dependencies": {
        "@firebase/component": "0.6.6",
        "@firebase/installations": "0.6.6",
        "@firebase/logger": "0.4.1",
        "@firebase/util": "1.9.5",
        "tslib": "^2.1.0"
      },
      "peerDependencies": {
        "@firebase/app": "0.x"
      }
    },
    "node_modules/@firebase/performance-compat": {
      "version": "0.2.6",
      "license": "Apache-2.0",
      "dependencies": {
        "@firebase/component": "0.6.6",
        "@firebase/logger": "0.4.1",
        "@firebase/performance": "0.6.6",
        "@firebase/performance-types": "0.2.1",
        "@firebase/util": "1.9.5",
        "tslib": "^2.1.0"
      },
      "peerDependencies": {
        "@firebase/app-compat": "0.x"
      }
    },
    "node_modules/@firebase/performance-types": {
      "version": "0.2.1",
      "license": "Apache-2.0"
    },
    "node_modules/@firebase/remote-config": {
      "version": "0.4.6",
      "license": "Apache-2.0",
      "dependencies": {
        "@firebase/component": "0.6.6",
        "@firebase/installations": "0.6.6",
        "@firebase/logger": "0.4.1",
        "@firebase/util": "1.9.5",
        "tslib": "^2.1.0"
      },
      "peerDependencies": {
        "@firebase/app": "0.x"
      }
    },
    "node_modules/@firebase/remote-config-compat": {
      "version": "0.2.6",
      "license": "Apache-2.0",
      "dependencies": {
        "@firebase/component": "0.6.6",
        "@firebase/logger": "0.4.1",
        "@firebase/remote-config": "0.4.6",
        "@firebase/remote-config-types": "0.3.1",
        "@firebase/util": "1.9.5",
        "tslib": "^2.1.0"
      },
      "peerDependencies": {
        "@firebase/app-compat": "0.x"
      }
    },
    "node_modules/@firebase/remote-config-types": {
      "version": "0.3.1",
      "license": "Apache-2.0"
    },
    "node_modules/@firebase/storage": {
      "version": "0.12.4",
      "license": "Apache-2.0",
      "dependencies": {
        "@firebase/component": "0.6.6",
        "@firebase/util": "1.9.5",
        "tslib": "^2.1.0",
        "undici": "5.28.4"
      },
      "peerDependencies": {
        "@firebase/app": "0.x"
      }
    },
    "node_modules/@firebase/storage-compat": {
      "version": "0.3.7",
      "license": "Apache-2.0",
      "dependencies": {
        "@firebase/component": "0.6.6",
        "@firebase/storage": "0.12.4",
        "@firebase/storage-types": "0.8.1",
        "@firebase/util": "1.9.5",
        "tslib": "^2.1.0"
      },
      "peerDependencies": {
        "@firebase/app-compat": "0.x"
      }
    },
    "node_modules/@firebase/storage-types": {
      "version": "0.8.1",
      "license": "Apache-2.0",
      "peerDependencies": {
        "@firebase/app-types": "0.x",
        "@firebase/util": "1.x"
      }
    },
    "node_modules/@firebase/util": {
      "version": "1.9.5",
      "license": "Apache-2.0",
      "dependencies": {
        "tslib": "^2.1.0"
      }
    },
    "node_modules/@firebase/webchannel-wrapper": {
      "version": "0.10.6",
      "license": "Apache-2.0"
    },
    "node_modules/@grpc/grpc-js": {
      "version": "1.9.14",
      "license": "Apache-2.0",
      "dependencies": {
        "@grpc/proto-loader": "^0.7.8",
        "@types/node": ">=12.12.47"
      },
      "engines": {
        "node": "^8.13.0 || >=10.10.0"
      }
    },
    "node_modules/@grpc/proto-loader": {
      "version": "0.7.12",
      "license": "Apache-2.0",
      "dependencies": {
        "lodash.camelcase": "^4.3.0",
        "long": "^5.0.0",
        "protobufjs": "^7.2.4",
        "yargs": "^17.7.2"
      },
      "bin": {
        "proto-loader-gen-types": "build/bin/proto-loader-gen-types.js"
      },
      "engines": {
        "node": ">=6"
      }
    },
    "node_modules/@protobufjs/aspromise": {
      "version": "1.1.2",
      "license": "BSD-3-Clause"
    },
    "node_modules/@protobufjs/base64": {
      "version": "1.1.2",
      "license": "BSD-3-Clause"
    },
    "node_modules/@protobufjs/codegen": {
      "version": "2.0.4",
      "license": "BSD-3-Clause"
    },
    "node_modules/@protobufjs/eventemitter": {
      "version": "1.1.0",
      "license": "BSD-3-Clause"
    },
    "node_modules/@protobufjs/fetch": {
      "version": "1.1.0",
      "license": "BSD-3-Clause",
      "dependencies": {
        "@protobufjs/aspromise": "^1.1.1",
        "@protobufjs/inquire": "^1.1.0"
      }
    },
    "node_modules/@protobufjs/float": {
      "version": "1.0.2",
      "license": "BSD-3-Clause"
    },
    "node_modules/@protobufjs/inquire": {
      "version": "1.1.0",
      "license": "BSD-3-Clause"
    },
    "node_modules/@protobufjs/path": {
      "version": "1.1.2",
      "license": "BSD-3-Clause"
    },
    "node_modules/@protobufjs/pool": {
      "version": "1.1.0",
      "license": "BSD-3-Clause"
    },
    "node_modules/@protobufjs/utf8": {
      "version": "1.1.0",
      "license": "BSD-3-Clause"
    },
    "node_modules/@types/bun": {
      "version": "1.1.0",
      "resolved": "https://registry.npmjs.org/@types/bun/-/bun-1.1.0.tgz",
      "integrity": "sha512-QGK0yU4jh0OK1A7DyhPkQuKjHQCC5jSJa3dpWIEhHv/rPfb6zLfdArc4/uUUZBMTcjilsafRXnPWO+1owb572Q==",
      "dev": true,
      "dependencies": {
        "bun-types": "1.1.0"
      }
    },
    "node_modules/@types/file-saver": {
      "version": "2.0.7",
      "resolved": "https://registry.npmjs.org/@types/file-saver/-/file-saver-2.0.7.tgz",
      "integrity": "sha512-dNKVfHd/jk0SkR/exKGj2ggkB45MAkzvWCaqLUUgkyjITkGNzH8H+yUwr+BLJUBjZOe9w8X3wgmXhZDRg1ED6A==",
      "dev": true
    },
    "node_modules/@types/node": {
      "version": "20.11.30",
      "license": "MIT",
      "dependencies": {
        "undici-types": "~5.26.4"
      }
    },
    "node_modules/@types/ws": {
      "version": "8.5.10",
      "dev": true,
      "license": "MIT",
      "dependencies": {
        "@types/node": "*"
      }
    },
    "node_modules/ansi-regex": {
      "version": "5.0.1",
      "license": "MIT",
      "engines": {
        "node": ">=8"
      }
    },
    "node_modules/ansi-styles": {
      "version": "4.3.0",
      "license": "MIT",
      "dependencies": {
        "color-convert": "^2.0.1"
      },
      "engines": {
        "node": ">=8"
      },
      "funding": {
        "url": "https://github.com/chalk/ansi-styles?sponsor=1"
      }
    },
    "node_modules/bun-types": {
      "version": "1.1.0",
      "dev": true,
      "license": "MIT",
      "dependencies": {
        "@types/node": "~20.11.3",
        "@types/ws": "~8.5.10"
      }
    },
    "node_modules/cliui": {
      "version": "8.0.1",
      "license": "ISC",
      "dependencies": {
        "string-width": "^4.2.0",
        "strip-ansi": "^6.0.1",
        "wrap-ansi": "^7.0.0"
      },
      "engines": {
        "node": ">=12"
      }
    },
    "node_modules/color-convert": {
      "version": "2.0.1",
      "license": "MIT",
      "dependencies": {
        "color-name": "~1.1.4"
      },
      "engines": {
        "node": ">=7.0.0"
      }
    },
    "node_modules/color-name": {
      "version": "1.1.4",
      "license": "MIT"
    },
    "node_modules/emoji-regex": {
      "version": "8.0.0",
      "license": "MIT"
    },
    "node_modules/escalade": {
      "version": "3.1.2",
      "license": "MIT",
      "engines": {
        "node": ">=6"
      }
    },
    "node_modules/faye-websocket": {
      "version": "0.11.4",
      "license": "Apache-2.0",
      "dependencies": {
        "websocket-driver": ">=0.5.1"
      },
      "engines": {
        "node": ">=0.8.0"
      }
    },
    "node_modules/file-saver": {
      "version": "2.0.5",
      "resolved": "https://registry.npmjs.org/file-saver/-/file-saver-2.0.5.tgz",
      "integrity": "sha512-P9bmyZ3h/PRG+Nzga+rbdI4OEpNDzAVyy74uVO9ATgzLK6VtAsYybF/+TOCvrc0MO793d6+42lLyZTw7/ArVzA=="
    },
    "node_modules/firebase": {
      "version": "10.11.1",
      "resolved": "https://registry.npmjs.org/firebase/-/firebase-10.11.1.tgz",
      "integrity": "sha512-7T6FJJb4PBi6IYR1212/a0djjal6nGph9AQazobWaO75+4zeyEvBDlsofWLEawVAEN2PCp8qXvFe4pMdIB5U1w==",
      "dependencies": {
        "@firebase/analytics": "0.10.2",
        "@firebase/analytics-compat": "0.2.8",
        "@firebase/app": "0.10.2",
        "@firebase/app-check": "0.8.3",
        "@firebase/app-check-compat": "0.3.10",
        "@firebase/app-compat": "0.2.32",
        "@firebase/app-types": "0.9.1",
        "@firebase/auth": "1.7.2",
        "@firebase/auth-compat": "0.5.7",
        "@firebase/database": "1.0.4",
        "@firebase/database-compat": "1.0.4",
        "@firebase/firestore": "4.6.1",
        "@firebase/firestore-compat": "0.3.30",
        "@firebase/functions": "0.11.4",
        "@firebase/functions-compat": "0.3.10",
        "@firebase/installations": "0.6.6",
        "@firebase/installations-compat": "0.2.6",
        "@firebase/messaging": "0.12.8",
        "@firebase/messaging-compat": "0.2.8",
        "@firebase/performance": "0.6.6",
        "@firebase/performance-compat": "0.2.6",
        "@firebase/remote-config": "0.4.6",
        "@firebase/remote-config-compat": "0.2.6",
        "@firebase/storage": "0.12.4",
        "@firebase/storage-compat": "0.3.7",
        "@firebase/util": "1.9.5"
      }
    },
    "node_modules/get-caller-file": {
      "version": "2.0.5",
      "license": "ISC",
      "engines": {
        "node": "6.* || 8.* || >= 10.*"
      }
    },
    "node_modules/http-parser-js": {
      "version": "0.5.8",
      "license": "MIT"
    },
    "node_modules/idb": {
      "version": "7.1.1",
      "license": "ISC"
    },
    "node_modules/is-fullwidth-code-point": {
      "version": "3.0.0",
      "license": "MIT",
      "engines": {
        "node": ">=8"
      }
    },
    "node_modules/lodash.camelcase": {
      "version": "4.3.0",
      "license": "MIT"
    },
    "node_modules/long": {
      "version": "5.2.3",
      "license": "Apache-2.0"
    },
    "node_modules/protobufjs": {
      "version": "7.2.6",
      "hasInstallScript": true,
      "license": "BSD-3-Clause",
      "dependencies": {
        "@protobufjs/aspromise": "^1.1.2",
        "@protobufjs/base64": "^1.1.2",
        "@protobufjs/codegen": "^2.0.4",
        "@protobufjs/eventemitter": "^1.1.0",
        "@protobufjs/fetch": "^1.1.0",
        "@protobufjs/float": "^1.0.2",
        "@protobufjs/inquire": "^1.1.0",
        "@protobufjs/path": "^1.1.2",
        "@protobufjs/pool": "^1.1.0",
        "@protobufjs/utf8": "^1.1.0",
        "@types/node": ">=13.7.0",
        "long": "^5.0.0"
      },
      "engines": {
        "node": ">=12.0.0"
      }
    },
    "node_modules/require-directory": {
      "version": "2.1.1",
      "license": "MIT",
      "engines": {
        "node": ">=0.10.0"
      }
    },
    "node_modules/safe-buffer": {
      "version": "5.2.1",
      "funding": [
        {
          "type": "github",
          "url": "https://github.com/sponsors/feross"
        },
        {
          "type": "patreon",
          "url": "https://www.patreon.com/feross"
        },
        {
          "type": "consulting",
          "url": "https://feross.org/support"
        }
      ],
      "license": "MIT"
    },
    "node_modules/string-width": {
      "version": "4.2.3",
      "license": "MIT",
      "dependencies": {
        "emoji-regex": "^8.0.0",
        "is-fullwidth-code-point": "^3.0.0",
        "strip-ansi": "^6.0.1"
      },
      "engines": {
        "node": ">=8"
      }
    },
    "node_modules/strip-ansi": {
      "version": "6.0.1",
      "license": "MIT",
      "dependencies": {
        "ansi-regex": "^5.0.1"
      },
      "engines": {
        "node": ">=8"
      }
    },
    "node_modules/tslib": {
      "version": "2.6.2",
      "license": "0BSD"
    },
    "node_modules/typescript": {
      "version": "5.4.5",
      "license": "Apache-2.0",
      "peer": true,
      "bin": {
        "tsc": "bin/tsc",
        "tsserver": "bin/tsserver"
      },
      "engines": {
        "node": ">=14.17"
      }
    },
    "node_modules/undici": {
      "version": "5.28.4",
      "license": "MIT",
      "dependencies": {
        "@fastify/busboy": "^2.0.0"
      },
      "engines": {
        "node": ">=14.0"
      }
    },
    "node_modules/undici-types": {
      "version": "5.26.5",
      "license": "MIT"
    },
    "node_modules/uplot": {
      "version": "1.6.30",
      "resolved": "https://registry.npmjs.org/uplot/-/uplot-1.6.30.tgz",
      "integrity": "sha512-48oVVRALM/128ttW19F2a2xobc2WfGdJ0VJFX00099CfqbCTuML7L2OrTKxNzeFP34eo1+yJbqFSoFAp2u28/Q=="
    },
    "node_modules/websocket-driver": {
      "version": "0.7.4",
      "license": "Apache-2.0",
      "dependencies": {
        "http-parser-js": ">=0.5.1",
        "safe-buffer": ">=5.1.0",
        "websocket-extensions": ">=0.1.1"
      },
      "engines": {
        "node": ">=0.8.0"
      }
    },
    "node_modules/websocket-extensions": {
      "version": "0.1.4",
      "license": "Apache-2.0",
      "engines": {
        "node": ">=0.8.0"
      }
    },
    "node_modules/wrap-ansi": {
      "version": "7.0.0",
      "license": "MIT",
      "dependencies": {
        "ansi-styles": "^4.0.0",
        "string-width": "^4.1.0",
        "strip-ansi": "^6.0.0"
      },
      "engines": {
        "node": ">=10"
      },
      "funding": {
        "url": "https://github.com/chalk/wrap-ansi?sponsor=1"
      }
    },
    "node_modules/y18n": {
      "version": "5.0.8",
      "license": "ISC",
      "engines": {
        "node": ">=10"
      }
    },
    "node_modules/yargs": {
      "version": "17.7.2",
      "license": "MIT",
      "dependencies": {
        "cliui": "^8.0.1",
        "escalade": "^3.1.1",
        "get-caller-file": "^2.0.5",
        "require-directory": "^2.1.1",
        "string-width": "^4.2.3",
        "y18n": "^5.0.5",
        "yargs-parser": "^21.1.1"
      },
      "engines": {
        "node": ">=12"
      }
    },
    "node_modules/yargs-parser": {
      "version": "21.1.1",
      "license": "ISC",
      "engines": {
        "node": ">=12"
      }
    }
  },
  "dependencies": {
    "@fastify/busboy": {
      "version": "2.1.1"
    },
    "@firebase/analytics": {
      "version": "0.10.2",
      "requires": {
        "@firebase/component": "0.6.6",
        "@firebase/installations": "0.6.6",
        "@firebase/logger": "0.4.1",
        "@firebase/util": "1.9.5",
        "tslib": "^2.1.0"
      }
    },
    "@firebase/analytics-compat": {
      "version": "0.2.8",
      "requires": {
        "@firebase/analytics": "0.10.2",
        "@firebase/analytics-types": "0.8.1",
        "@firebase/component": "0.6.6",
        "@firebase/util": "1.9.5",
        "tslib": "^2.1.0"
      }
    },
    "@firebase/analytics-types": {
      "version": "0.8.1"
    },
    "@firebase/app": {
      "version": "0.10.2",
      "requires": {
        "@firebase/component": "0.6.6",
        "@firebase/logger": "0.4.1",
        "@firebase/util": "1.9.5",
        "idb": "7.1.1",
        "tslib": "^2.1.0"
      }
    },
    "@firebase/app-check": {
      "version": "0.8.3",
      "requires": {
        "@firebase/component": "0.6.6",
        "@firebase/logger": "0.4.1",
        "@firebase/util": "1.9.5",
        "tslib": "^2.1.0"
      }
    },
    "@firebase/app-check-compat": {
      "version": "0.3.10",
      "requires": {
        "@firebase/app-check": "0.8.3",
        "@firebase/app-check-types": "0.5.1",
        "@firebase/component": "0.6.6",
        "@firebase/logger": "0.4.1",
        "@firebase/util": "1.9.5",
        "tslib": "^2.1.0"
      }
    },
    "@firebase/app-check-interop-types": {
      "version": "0.3.1"
    },
    "@firebase/app-check-types": {
      "version": "0.5.1"
    },
    "@firebase/app-compat": {
      "version": "0.2.32",
      "requires": {
        "@firebase/app": "0.10.2",
        "@firebase/component": "0.6.6",
        "@firebase/logger": "0.4.1",
        "@firebase/util": "1.9.5",
        "tslib": "^2.1.0"
      }
    },
    "@firebase/app-types": {
      "version": "0.9.1"
    },
    "@firebase/auth": {
      "version": "1.7.2",
      "requires": {
        "@firebase/component": "0.6.6",
        "@firebase/logger": "0.4.1",
        "@firebase/util": "1.9.5",
        "tslib": "^2.1.0",
        "undici": "5.28.4"
      }
    },
    "@firebase/auth-compat": {
      "version": "0.5.7",
      "requires": {
        "@firebase/auth": "1.7.2",
        "@firebase/auth-types": "0.12.1",
        "@firebase/component": "0.6.6",
        "@firebase/util": "1.9.5",
        "tslib": "^2.1.0",
        "undici": "5.28.4"
      }
    },
    "@firebase/auth-interop-types": {
      "version": "0.2.2"
    },
    "@firebase/auth-types": {
      "version": "0.12.1",
      "requires": {}
    },
    "@firebase/component": {
      "version": "0.6.6",
      "requires": {
        "@firebase/util": "1.9.5",
        "tslib": "^2.1.0"
      }
    },
    "@firebase/database": {
      "version": "1.0.4",
      "requires": {
        "@firebase/app-check-interop-types": "0.3.1",
        "@firebase/auth-interop-types": "0.2.2",
        "@firebase/component": "0.6.6",
        "@firebase/logger": "0.4.1",
        "@firebase/util": "1.9.5",
        "faye-websocket": "0.11.4",
        "tslib": "^2.1.0"
      }
    },
    "@firebase/database-compat": {
      "version": "1.0.4",
      "requires": {
        "@firebase/component": "0.6.6",
        "@firebase/database": "1.0.4",
        "@firebase/database-types": "1.0.2",
        "@firebase/logger": "0.4.1",
        "@firebase/util": "1.9.5",
        "tslib": "^2.1.0"
      }
    },
    "@firebase/database-types": {
      "version": "1.0.2",
      "requires": {
        "@firebase/app-types": "0.9.1",
        "@firebase/util": "1.9.5"
      }
    },
    "@firebase/firestore": {
      "version": "4.6.1",
      "requires": {
        "@firebase/component": "0.6.6",
        "@firebase/logger": "0.4.1",
        "@firebase/util": "1.9.5",
        "@firebase/webchannel-wrapper": "0.10.6",
        "@grpc/grpc-js": "~1.9.0",
        "@grpc/proto-loader": "^0.7.8",
        "tslib": "^2.1.0",
        "undici": "5.28.4"
      }
    },
    "@firebase/firestore-compat": {
      "version": "0.3.30",
      "requires": {
        "@firebase/component": "0.6.6",
        "@firebase/firestore": "4.6.1",
        "@firebase/firestore-types": "3.0.1",
        "@firebase/util": "1.9.5",
        "tslib": "^2.1.0"
      }
    },
    "@firebase/firestore-types": {
      "version": "3.0.1",
      "requires": {}
    },
    "@firebase/functions": {
      "version": "0.11.4",
      "requires": {
        "@firebase/app-check-interop-types": "0.3.1",
        "@firebase/auth-interop-types": "0.2.2",
        "@firebase/component": "0.6.6",
        "@firebase/messaging-interop-types": "0.2.1",
        "@firebase/util": "1.9.5",
        "tslib": "^2.1.0",
        "undici": "5.28.4"
      }
    },
    "@firebase/functions-compat": {
      "version": "0.3.10",
      "requires": {
        "@firebase/component": "0.6.6",
        "@firebase/functions": "0.11.4",
        "@firebase/functions-types": "0.6.1",
        "@firebase/util": "1.9.5",
        "tslib": "^2.1.0"
      }
    },
    "@firebase/functions-types": {
      "version": "0.6.1"
    },
    "@firebase/installations": {
      "version": "0.6.6",
      "requires": {
        "@firebase/component": "0.6.6",
        "@firebase/util": "1.9.5",
        "idb": "7.1.1",
        "tslib": "^2.1.0"
      }
    },
    "@firebase/installations-compat": {
      "version": "0.2.6",
      "requires": {
        "@firebase/component": "0.6.6",
        "@firebase/installations": "0.6.6",
        "@firebase/installations-types": "0.5.1",
        "@firebase/util": "1.9.5",
        "tslib": "^2.1.0"
      }
    },
    "@firebase/installations-types": {
      "version": "0.5.1",
      "requires": {}
    },
    "@firebase/logger": {
      "version": "0.4.1",
      "requires": {
        "tslib": "^2.1.0"
      }
    },
    "@firebase/messaging": {
      "version": "0.12.8",
      "requires": {
        "@firebase/component": "0.6.6",
        "@firebase/installations": "0.6.6",
        "@firebase/messaging-interop-types": "0.2.1",
        "@firebase/util": "1.9.5",
        "idb": "7.1.1",
        "tslib": "^2.1.0"
      }
    },
    "@firebase/messaging-compat": {
      "version": "0.2.8",
      "requires": {
        "@firebase/component": "0.6.6",
        "@firebase/messaging": "0.12.8",
        "@firebase/util": "1.9.5",
        "tslib": "^2.1.0"
      }
    },
    "@firebase/messaging-interop-types": {
      "version": "0.2.1"
    },
    "@firebase/performance": {
      "version": "0.6.6",
      "requires": {
        "@firebase/component": "0.6.6",
        "@firebase/installations": "0.6.6",
        "@firebase/logger": "0.4.1",
        "@firebase/util": "1.9.5",
        "tslib": "^2.1.0"
      }
    },
    "@firebase/performance-compat": {
      "version": "0.2.6",
      "requires": {
        "@firebase/component": "0.6.6",
        "@firebase/logger": "0.4.1",
        "@firebase/performance": "0.6.6",
        "@firebase/performance-types": "0.2.1",
        "@firebase/util": "1.9.5",
        "tslib": "^2.1.0"
      }
    },
    "@firebase/performance-types": {
      "version": "0.2.1"
    },
    "@firebase/remote-config": {
      "version": "0.4.6",
      "requires": {
        "@firebase/component": "0.6.6",
        "@firebase/installations": "0.6.6",
        "@firebase/logger": "0.4.1",
        "@firebase/util": "1.9.5",
        "tslib": "^2.1.0"
      }
    },
    "@firebase/remote-config-compat": {
      "version": "0.2.6",
      "requires": {
        "@firebase/component": "0.6.6",
        "@firebase/logger": "0.4.1",
        "@firebase/remote-config": "0.4.6",
        "@firebase/remote-config-types": "0.3.1",
        "@firebase/util": "1.9.5",
        "tslib": "^2.1.0"
      }
    },
    "@firebase/remote-config-types": {
      "version": "0.3.1"
    },
    "@firebase/storage": {
      "version": "0.12.4",
      "requires": {
        "@firebase/component": "0.6.6",
        "@firebase/util": "1.9.5",
        "tslib": "^2.1.0",
        "undici": "5.28.4"
      }
    },
    "@firebase/storage-compat": {
      "version": "0.3.7",
      "requires": {
        "@firebase/component": "0.6.6",
        "@firebase/storage": "0.12.4",
        "@firebase/storage-types": "0.8.1",
        "@firebase/util": "1.9.5",
        "tslib": "^2.1.0"
      }
    },
    "@firebase/storage-types": {
      "version": "0.8.1",
      "requires": {}
    },
    "@firebase/util": {
      "version": "1.9.5",
      "requires": {
        "tslib": "^2.1.0"
      }
    },
    "@firebase/webchannel-wrapper": {
      "version": "0.10.6"
    },
    "@grpc/grpc-js": {
      "version": "1.9.14",
      "requires": {
        "@grpc/proto-loader": "^0.7.8",
        "@types/node": ">=12.12.47"
      }
    },
    "@grpc/proto-loader": {
      "version": "0.7.12",
      "requires": {
        "lodash.camelcase": "^4.3.0",
        "long": "^5.0.0",
        "protobufjs": "^7.2.4",
        "yargs": "^17.7.2"
      }
    },
    "@protobufjs/aspromise": {
      "version": "1.1.2"
    },
    "@protobufjs/base64": {
      "version": "1.1.2"
    },
    "@protobufjs/codegen": {
      "version": "2.0.4"
    },
    "@protobufjs/eventemitter": {
      "version": "1.1.0"
    },
    "@protobufjs/fetch": {
      "version": "1.1.0",
      "requires": {
        "@protobufjs/aspromise": "^1.1.1",
        "@protobufjs/inquire": "^1.1.0"
      }
    },
    "@protobufjs/float": {
      "version": "1.0.2"
    },
    "@protobufjs/inquire": {
      "version": "1.1.0"
    },
    "@protobufjs/path": {
      "version": "1.1.2"
    },
    "@protobufjs/pool": {
      "version": "1.1.0"
    },
    "@protobufjs/utf8": {
      "version": "1.1.0"
    },
    "@types/bun": {
      "version": "1.1.0",
      "resolved": "https://registry.npmjs.org/@types/bun/-/bun-1.1.0.tgz",
      "integrity": "sha512-QGK0yU4jh0OK1A7DyhPkQuKjHQCC5jSJa3dpWIEhHv/rPfb6zLfdArc4/uUUZBMTcjilsafRXnPWO+1owb572Q==",
      "dev": true,
      "requires": {
        "bun-types": "1.1.0"
      }
    },
    "@types/file-saver": {
      "version": "2.0.7",
      "resolved": "https://registry.npmjs.org/@types/file-saver/-/file-saver-2.0.7.tgz",
      "integrity": "sha512-dNKVfHd/jk0SkR/exKGj2ggkB45MAkzvWCaqLUUgkyjITkGNzH8H+yUwr+BLJUBjZOe9w8X3wgmXhZDRg1ED6A==",
      "dev": true
    },
    "@types/node": {
      "version": "20.11.30",
      "requires": {
        "undici-types": "~5.26.4"
      }
    },
    "@types/ws": {
      "version": "8.5.10",
      "dev": true,
      "requires": {
        "@types/node": "*"
      }
    },
    "ansi-regex": {
      "version": "5.0.1"
    },
    "ansi-styles": {
      "version": "4.3.0",
      "requires": {
        "color-convert": "^2.0.1"
      }
    },
    "bun-types": {
      "version": "1.1.0",
      "dev": true,
      "requires": {
        "@types/node": "~20.11.3",
        "@types/ws": "~8.5.10"
      }
    },
    "cliui": {
      "version": "8.0.1",
      "requires": {
        "string-width": "^4.2.0",
        "strip-ansi": "^6.0.1",
        "wrap-ansi": "^7.0.0"
      }
    },
    "color-convert": {
      "version": "2.0.1",
      "requires": {
        "color-name": "~1.1.4"
      }
    },
    "color-name": {
      "version": "1.1.4"
    },
    "emoji-regex": {
      "version": "8.0.0"
    },
    "escalade": {
      "version": "3.1.2"
    },
    "faye-websocket": {
      "version": "0.11.4",
      "requires": {
        "websocket-driver": ">=0.5.1"
      }
    },
    "file-saver": {
      "version": "2.0.5",
      "resolved": "https://registry.npmjs.org/file-saver/-/file-saver-2.0.5.tgz",
      "integrity": "sha512-P9bmyZ3h/PRG+Nzga+rbdI4OEpNDzAVyy74uVO9ATgzLK6VtAsYybF/+TOCvrc0MO793d6+42lLyZTw7/ArVzA=="
    },
    "firebase": {
      "version": "10.11.1",
      "resolved": "https://registry.npmjs.org/firebase/-/firebase-10.11.1.tgz",
      "integrity": "sha512-7T6FJJb4PBi6IYR1212/a0djjal6nGph9AQazobWaO75+4zeyEvBDlsofWLEawVAEN2PCp8qXvFe4pMdIB5U1w==",
      "requires": {
        "@firebase/analytics": "0.10.2",
        "@firebase/analytics-compat": "0.2.8",
        "@firebase/app": "0.10.2",
        "@firebase/app-check": "0.8.3",
        "@firebase/app-check-compat": "0.3.10",
        "@firebase/app-compat": "0.2.32",
        "@firebase/app-types": "0.9.1",
        "@firebase/auth": "1.7.2",
        "@firebase/auth-compat": "0.5.7",
        "@firebase/database": "1.0.4",
        "@firebase/database-compat": "1.0.4",
        "@firebase/firestore": "4.6.1",
        "@firebase/firestore-compat": "0.3.30",
        "@firebase/functions": "0.11.4",
        "@firebase/functions-compat": "0.3.10",
        "@firebase/installations": "0.6.6",
        "@firebase/installations-compat": "0.2.6",
        "@firebase/messaging": "0.12.8",
        "@firebase/messaging-compat": "0.2.8",
        "@firebase/performance": "0.6.6",
        "@firebase/performance-compat": "0.2.6",
        "@firebase/remote-config": "0.4.6",
        "@firebase/remote-config-compat": "0.2.6",
        "@firebase/storage": "0.12.4",
        "@firebase/storage-compat": "0.3.7",
        "@firebase/util": "1.9.5"
      }
    },
    "get-caller-file": {
      "version": "2.0.5"
    },
    "http-parser-js": {
      "version": "0.5.8"
    },
    "idb": {
      "version": "7.1.1"
    },
    "is-fullwidth-code-point": {
      "version": "3.0.0"
    },
    "lodash.camelcase": {
      "version": "4.3.0"
    },
    "long": {
      "version": "5.2.3"
    },
    "protobufjs": {
      "version": "7.2.6",
      "requires": {
        "@protobufjs/aspromise": "^1.1.2",
        "@protobufjs/base64": "^1.1.2",
        "@protobufjs/codegen": "^2.0.4",
        "@protobufjs/eventemitter": "^1.1.0",
        "@protobufjs/fetch": "^1.1.0",
        "@protobufjs/float": "^1.0.2",
        "@protobufjs/inquire": "^1.1.0",
        "@protobufjs/path": "^1.1.2",
        "@protobufjs/pool": "^1.1.0",
        "@protobufjs/utf8": "^1.1.0",
        "@types/node": ">=13.7.0",
        "long": "^5.0.0"
      }
    },
    "require-directory": {
      "version": "2.1.1"
    },
    "safe-buffer": {
      "version": "5.2.1"
    },
    "string-width": {
      "version": "4.2.3",
      "requires": {
        "emoji-regex": "^8.0.0",
        "is-fullwidth-code-point": "^3.0.0",
        "strip-ansi": "^6.0.1"
      }
    },
    "strip-ansi": {
      "version": "6.0.1",
      "requires": {
        "ansi-regex": "^5.0.1"
      }
    },
    "tslib": {
      "version": "2.6.2"
    },
    "typescript": {
      "version": "5.4.5",
      "peer": true
    },
    "undici": {
      "version": "5.28.4",
      "requires": {
        "@fastify/busboy": "^2.0.0"
      }
    },
    "undici-types": {
      "version": "5.26.5"
    },
    "uplot": {
      "version": "1.6.30",
      "resolved": "https://registry.npmjs.org/uplot/-/uplot-1.6.30.tgz",
      "integrity": "sha512-48oVVRALM/128ttW19F2a2xobc2WfGdJ0VJFX00099CfqbCTuML7L2OrTKxNzeFP34eo1+yJbqFSoFAp2u28/Q=="
    },
    "websocket-driver": {
      "version": "0.7.4",
      "requires": {
        "http-parser-js": ">=0.5.1",
        "safe-buffer": ">=5.1.0",
        "websocket-extensions": ">=0.1.1"
      }
    },
    "websocket-extensions": {
      "version": "0.1.4"
    },
    "wrap-ansi": {
      "version": "7.0.0",
      "requires": {
        "ansi-styles": "^4.0.0",
        "string-width": "^4.1.0",
        "strip-ansi": "^6.0.0"
      }
    },
    "y18n": {
      "version": "5.0.8"
    },
    "yargs": {
      "version": "17.7.2",
      "requires": {
        "cliui": "^8.0.1",
        "escalade": "^3.1.1",
        "get-caller-file": "^2.0.5",
        "require-directory": "^2.1.1",
        "string-width": "^4.2.3",
        "y18n": "^5.0.5",
        "yargs-parser": "^21.1.1"
      }
    },
    "yargs-parser": {
      "version": "21.1.1"
    }
  }
}
